// !$*UTF8*$!
{
	archiveVersion = 1;
	classes = {
	};
	objectVersion = 56;
	objects = {

/* Begin PBXBuildFile section */
		C9D0E9ED2B5C3B4300518DA8 /* Assets.xcassets in Resources */ = {isa = PBXBuildFile; fileRef = C9D0E9EC2B5C3B4300518DA8 /* Assets.xcassets */; };
		C9D0E9F02B5C3B4300518DA8 /* Preview Assets.xcassets in Resources */ = {isa = PBXBuildFile; fileRef = C9D0E9EF2B5C3B4300518DA8 /* Preview Assets.xcassets */; };
		C9D0EA1B2B5C3D2E00518DA8 /* GoogleService-Info.plist in Resources */ = {isa = PBXBuildFile; fileRef = C9D0E9F62B5C3D2E00518DA8 /* GoogleService-Info.plist */; };
		C9D0EA1C2B5C3D2E00518DA8 /* HomeView2.swift in Sources */ = {isa = PBXBuildFile; fileRef = C9D0E9FB2B5C3D2E00518DA8 /* HomeView2.swift */; };
		C9D0EA1D2B5C3D2E00518DA8 /* BottomBarView.swift in Sources */ = {isa = PBXBuildFile; fileRef = C9D0E9FC2B5C3D2E00518DA8 /* BottomBarView.swift */; };
		C9D0EA222B5C3D2E00518DA8 /* StudyTestApp.swift in Sources */ = {isa = PBXBuildFile; fileRef = C9D0EA032B5C3D2E00518DA8 /* StudyTestApp.swift */; };
		C9D0EA232B5C3D2E00518DA8 /* ProfileView.swift in Sources */ = {isa = PBXBuildFile; fileRef = C9D0EA072B5C3D2E00518DA8 /* ProfileView.swift */; };
		C9D0EA242B5C3D2E00518DA8 /* AuthViewModel.swift in Sources */ = {isa = PBXBuildFile; fileRef = C9D0EA0A2B5C3D2E00518DA8 /* AuthViewModel.swift */; };
		C9D0EA252B5C3D2E00518DA8 /* User.swift in Sources */ = {isa = PBXBuildFile; fileRef = C9D0EA0C2B5C3D2E00518DA8 /* User.swift */; };
		C9D0EA262B5C3D2E00518DA8 /* RegistrationView.swift in Sources */ = {isa = PBXBuildFile; fileRef = C9D0EA0E2B5C3D2E00518DA8 /* RegistrationView.swift */; };
		C9D0EA272B5C3D2E00518DA8 /* LoginView.swift in Sources */ = {isa = PBXBuildFile; fileRef = C9D0EA0F2B5C3D2E00518DA8 /* LoginView.swift */; };
		C9D0EA282B5C3D2E00518DA8 /* SettingsRowView.swift in Sources */ = {isa = PBXBuildFile; fileRef = C9D0EA112B5C3D2E00518DA8 /* SettingsRowView.swift */; };
		C9D0EA292B5C3D2E00518DA8 /* InputView.swift in Sources */ = {isa = PBXBuildFile; fileRef = C9D0EA122B5C3D2E00518DA8 /* InputView.swift */; };
		C9D0EA2D2B5C3D2E00518DA8 /* ColorExtension.swift in Sources */ = {isa = PBXBuildFile; fileRef = C9D0EA182B5C3D2E00518DA8 /* ColorExtension.swift */; };
		C9D0EA2E2B5C3D2E00518DA8 /* CurrentView.swift in Sources */ = {isa = PBXBuildFile; fileRef = C9D0EA1A2B5C3D2E00518DA8 /* CurrentView.swift */; };
		C9D0EA312B5C3E6D00518DA8 /* FirebaseAnalytics in Frameworks */ = {isa = PBXBuildFile; productRef = C9D0EA302B5C3E6D00518DA8 /* FirebaseAnalytics */; };
		C9D0EA332B5C3E6D00518DA8 /* FirebaseAnalyticsOnDeviceConversion in Frameworks */ = {isa = PBXBuildFile; productRef = C9D0EA322B5C3E6D00518DA8 /* FirebaseAnalyticsOnDeviceConversion */; };
		C9D0EA352B5C3E6D00518DA8 /* FirebaseAnalyticsSwift in Frameworks */ = {isa = PBXBuildFile; productRef = C9D0EA342B5C3E6D00518DA8 /* FirebaseAnalyticsSwift */; };
		C9D0EA372B5C3E6D00518DA8 /* FirebaseAnalyticsWithoutAdIdSupport in Frameworks */ = {isa = PBXBuildFile; productRef = C9D0EA362B5C3E6D00518DA8 /* FirebaseAnalyticsWithoutAdIdSupport */; };
		C9D0EA392B5C3E6D00518DA8 /* FirebaseAuth in Frameworks */ = {isa = PBXBuildFile; productRef = C9D0EA382B5C3E6D00518DA8 /* FirebaseAuth */; };
		C9D0EA3B2B5C3E6D00518DA8 /* FirebaseAuthCombine-Community in Frameworks */ = {isa = PBXBuildFile; productRef = C9D0EA3A2B5C3E6D00518DA8 /* FirebaseAuthCombine-Community */; };
		C9D0EA6F2B5C413F00518DA8 /* FirebaseAnalytics in Frameworks */ = {isa = PBXBuildFile; productRef = C9D0EA6E2B5C413F00518DA8 /* FirebaseAnalytics */; };
		C9D0EA712B5C413F00518DA8 /* FirebaseAnalyticsOnDeviceConversion in Frameworks */ = {isa = PBXBuildFile; productRef = C9D0EA702B5C413F00518DA8 /* FirebaseAnalyticsOnDeviceConversion */; };
		C9D0EA732B5C413F00518DA8 /* FirebaseAnalyticsSwift in Frameworks */ = {isa = PBXBuildFile; productRef = C9D0EA722B5C413F00518DA8 /* FirebaseAnalyticsSwift */; };
		C9D0EA752B5C413F00518DA8 /* FirebaseAnalyticsWithoutAdIdSupport in Frameworks */ = {isa = PBXBuildFile; productRef = C9D0EA742B5C413F00518DA8 /* FirebaseAnalyticsWithoutAdIdSupport */; };
		C9D0EA772B5C413F00518DA8 /* FirebaseAuth in Frameworks */ = {isa = PBXBuildFile; productRef = C9D0EA762B5C413F00518DA8 /* FirebaseAuth */; };
		C9D0EA792B5C413F00518DA8 /* FirebaseAuthCombine-Community in Frameworks */ = {isa = PBXBuildFile; productRef = C9D0EA782B5C413F00518DA8 /* FirebaseAuthCombine-Community */; };
		C9D0EA7B2B5C413F00518DA8 /* FirebaseCrashlytics in Frameworks */ = {isa = PBXBuildFile; productRef = C9D0EA7A2B5C413F00518DA8 /* FirebaseCrashlytics */; };
		C9D0EA7D2B5C413F00518DA8 /* FirebaseDatabase in Frameworks */ = {isa = PBXBuildFile; productRef = C9D0EA7C2B5C413F00518DA8 /* FirebaseDatabase */; };
		C9D0EA7F2B5C413F00518DA8 /* FirebaseDatabaseSwift in Frameworks */ = {isa = PBXBuildFile; productRef = C9D0EA7E2B5C413F00518DA8 /* FirebaseDatabaseSwift */; };
		C9D0EA812B5C413F00518DA8 /* FirebaseDynamicLinks in Frameworks */ = {isa = PBXBuildFile; productRef = C9D0EA802B5C413F00518DA8 /* FirebaseDynamicLinks */; };
		C9D0EA832B5C413F00518DA8 /* FirebaseFirestore in Frameworks */ = {isa = PBXBuildFile; productRef = C9D0EA822B5C413F00518DA8 /* FirebaseFirestore */; };
		C9D0EA852B5C413F00518DA8 /* FirebaseFirestoreCombine-Community in Frameworks */ = {isa = PBXBuildFile; productRef = C9D0EA842B5C413F00518DA8 /* FirebaseFirestoreCombine-Community */; };
		C9D0EA872B5C413F00518DA8 /* FirebaseFirestoreSwift in Frameworks */ = {isa = PBXBuildFile; productRef = C9D0EA862B5C413F00518DA8 /* FirebaseFirestoreSwift */; };
		C9D0EA892B5C413F00518DA8 /* FirebaseFunctions in Frameworks */ = {isa = PBXBuildFile; productRef = C9D0EA882B5C413F00518DA8 /* FirebaseFunctions */; };
		C9D0EA902B5C429E00518DA8 /* StudyMapViewRepresentable.swift in Sources */ = {isa = PBXBuildFile; fileRef = C9D0EA8F2B5C429E00518DA8 /* StudyMapViewRepresentable.swift */; };
		C9D0EA922B5C42B600518DA8 /* LocationManager.swift in Sources */ = {isa = PBXBuildFile; fileRef = C9D0EA912B5C42B600518DA8 /* LocationManager.swift */; };
		C9D0EA942B5C42F200518DA8 /* MapView.swift in Sources */ = {isa = PBXBuildFile; fileRef = C9D0EA932B5C42F200518DA8 /* MapView.swift */; };
/* End PBXBuildFile section */

/* Begin PBXFileReference section */
		C9D0E9E52B5C3B4200518DA8 /* BlitzBlitz.app */ = {isa = PBXFileReference; explicitFileType = wrapper.application; includeInIndex = 0; path = BlitzBlitz.app; sourceTree = BUILT_PRODUCTS_DIR; };
		C9D0E9EC2B5C3B4300518DA8 /* Assets.xcassets */ = {isa = PBXFileReference; lastKnownFileType = folder.assetcatalog; path = Assets.xcassets; sourceTree = "<group>"; };
		C9D0E9EF2B5C3B4300518DA8 /* Preview Assets.xcassets */ = {isa = PBXFileReference; lastKnownFileType = folder.assetcatalog; path = "Preview Assets.xcassets"; sourceTree = "<group>"; };
		C9D0E9F62B5C3D2E00518DA8 /* GoogleService-Info.plist */ = {isa = PBXFileReference; fileEncoding = 4; lastKnownFileType = text.plist.xml; path = "GoogleService-Info.plist"; sourceTree = "<group>"; };
		C9D0E9FB2B5C3D2E00518DA8 /* HomeView2.swift */ = {isa = PBXFileReference; fileEncoding = 4; lastKnownFileType = sourcecode.swift; path = HomeView2.swift; sourceTree = "<group>"; };
		C9D0E9FC2B5C3D2E00518DA8 /* BottomBarView.swift */ = {isa = PBXFileReference; fileEncoding = 4; lastKnownFileType = sourcecode.swift; path = BottomBarView.swift; sourceTree = "<group>"; };
		C9D0EA032B5C3D2E00518DA8 /* StudyTestApp.swift */ = {isa = PBXFileReference; fileEncoding = 4; lastKnownFileType = sourcecode.swift; path = StudyTestApp.swift; sourceTree = "<group>"; };
		C9D0EA072B5C3D2E00518DA8 /* ProfileView.swift */ = {isa = PBXFileReference; fileEncoding = 4; lastKnownFileType = sourcecode.swift; path = ProfileView.swift; sourceTree = "<group>"; };
		C9D0EA0A2B5C3D2E00518DA8 /* AuthViewModel.swift */ = {isa = PBXFileReference; fileEncoding = 4; lastKnownFileType = sourcecode.swift; path = AuthViewModel.swift; sourceTree = "<group>"; };
		C9D0EA0C2B5C3D2E00518DA8 /* User.swift */ = {isa = PBXFileReference; fileEncoding = 4; lastKnownFileType = sourcecode.swift; path = User.swift; sourceTree = "<group>"; };
		C9D0EA0E2B5C3D2E00518DA8 /* RegistrationView.swift */ = {isa = PBXFileReference; fileEncoding = 4; lastKnownFileType = sourcecode.swift; path = RegistrationView.swift; sourceTree = "<group>"; };
		C9D0EA0F2B5C3D2E00518DA8 /* LoginView.swift */ = {isa = PBXFileReference; fileEncoding = 4; lastKnownFileType = sourcecode.swift; path = LoginView.swift; sourceTree = "<group>"; };
		C9D0EA112B5C3D2E00518DA8 /* SettingsRowView.swift */ = {isa = PBXFileReference; fileEncoding = 4; lastKnownFileType = sourcecode.swift; path = SettingsRowView.swift; sourceTree = "<group>"; };
		C9D0EA122B5C3D2E00518DA8 /* InputView.swift */ = {isa = PBXFileReference; fileEncoding = 4; lastKnownFileType = sourcecode.swift; path = InputView.swift; sourceTree = "<group>"; };
		C9D0EA182B5C3D2E00518DA8 /* ColorExtension.swift */ = {isa = PBXFileReference; fileEncoding = 4; lastKnownFileType = sourcecode.swift; path = ColorExtension.swift; sourceTree = "<group>"; };
		C9D0EA1A2B5C3D2E00518DA8 /* CurrentView.swift */ = {isa = PBXFileReference; fileEncoding = 4; lastKnownFileType = sourcecode.swift; path = CurrentView.swift; sourceTree = "<group>"; };
		C9D0EA8F2B5C429E00518DA8 /* StudyMapViewRepresentable.swift */ = {isa = PBXFileReference; fileEncoding = 4; lastKnownFileType = sourcecode.swift; path = StudyMapViewRepresentable.swift; sourceTree = "<group>"; };
		C9D0EA912B5C42B600518DA8 /* LocationManager.swift */ = {isa = PBXFileReference; fileEncoding = 4; lastKnownFileType = sourcecode.swift; path = LocationManager.swift; sourceTree = "<group>"; };
		C9D0EA932B5C42F200518DA8 /* MapView.swift */ = {isa = PBXFileReference; fileEncoding = 4; lastKnownFileType = sourcecode.swift; path = MapView.swift; sourceTree = "<group>"; };
/* End PBXFileReference section */

/* Begin PBXFrameworksBuildPhase section */
		C9D0E9E22B5C3B4200518DA8 /* Frameworks */ = {
			isa = PBXFrameworksBuildPhase;
			buildActionMask = 2147483647;
			files = (
				C9D0EA7F2B5C413F00518DA8 /* FirebaseDatabaseSwift in Frameworks */,
				C9D0EA732B5C413F00518DA8 /* FirebaseAnalyticsSwift in Frameworks */,
				C9D0EA752B5C413F00518DA8 /* FirebaseAnalyticsWithoutAdIdSupport in Frameworks */,
				C9D0EA852B5C413F00518DA8 /* FirebaseFirestoreCombine-Community in Frameworks */,
				C9D0EA6F2B5C413F00518DA8 /* FirebaseAnalytics in Frameworks */,
				C9D0EA872B5C413F00518DA8 /* FirebaseFirestoreSwift in Frameworks */,
				C9D0EA832B5C413F00518DA8 /* FirebaseFirestore in Frameworks */,
				C9D0EA892B5C413F00518DA8 /* FirebaseFunctions in Frameworks */,
				C9D0EA352B5C3E6D00518DA8 /* FirebaseAnalyticsSwift in Frameworks */,
				C9D0EA3B2B5C3E6D00518DA8 /* FirebaseAuthCombine-Community in Frameworks */,
				C9D0EA392B5C3E6D00518DA8 /* FirebaseAuth in Frameworks */,
				C9D0EA312B5C3E6D00518DA8 /* FirebaseAnalytics in Frameworks */,
				C9D0EA792B5C413F00518DA8 /* FirebaseAuthCombine-Community in Frameworks */,
				C9D0EA772B5C413F00518DA8 /* FirebaseAuth in Frameworks */,
				C9D0EA7B2B5C413F00518DA8 /* FirebaseCrashlytics in Frameworks */,
				C9D0EA812B5C413F00518DA8 /* FirebaseDynamicLinks in Frameworks */,
				C9D0EA332B5C3E6D00518DA8 /* FirebaseAnalyticsOnDeviceConversion in Frameworks */,
				C9D0EA372B5C3E6D00518DA8 /* FirebaseAnalyticsWithoutAdIdSupport in Frameworks */,
				C9D0EA7D2B5C413F00518DA8 /* FirebaseDatabase in Frameworks */,
				C9D0EA712B5C413F00518DA8 /* FirebaseAnalyticsOnDeviceConversion in Frameworks */,
			);
			runOnlyForDeploymentPostprocessing = 0;
		};
/* End PBXFrameworksBuildPhase section */

/* Begin PBXGroup section */
		C9D0E9DC2B5C3B4200518DA8 = {
			isa = PBXGroup;
			children = (
				C9D0E9E72B5C3B4200518DA8 /* BlitzBlitz */,
				C9D0E9E62B5C3B4200518DA8 /* Products */,
			);
			sourceTree = "<group>";
		};
		C9D0E9E62B5C3B4200518DA8 /* Products */ = {
			isa = PBXGroup;
			children = (
				C9D0E9E52B5C3B4200518DA8 /* BlitzBlitz.app */,
			);
			name = Products;
			sourceTree = "<group>";
		};
		C9D0E9E72B5C3B4200518DA8 /* BlitzBlitz */ = {
			isa = PBXGroup;
			children = (
				C9D0EA8A2B5C41EC00518DA8 /* Map */,
				C9D0E9F82B5C3D2E00518DA8 /* Core */,
				C9D0EA022B5C3D2E00518DA8 /* App */,
				C9D0EA042B5C3D2E00518DA8 /* LoginPage */,
				C9D0EA172B5C3D2E00518DA8 /* Extensions */,
				C9D0EA192B5C3D2E00518DA8 /* Root */,
				C9D0E9F62B5C3D2E00518DA8 /* GoogleService-Info.plist */,
				C9D0E9EC2B5C3B4300518DA8 /* Assets.xcassets */,
				C9D0E9EE2B5C3B4300518DA8 /* Preview Content */,
			);
			path = BlitzBlitz;
			sourceTree = "<group>";
		};
		C9D0E9EE2B5C3B4300518DA8 /* Preview Content */ = {
			isa = PBXGroup;
			children = (
				C9D0E9EF2B5C3B4300518DA8 /* Preview Assets.xcassets */,
			);
			path = "Preview Content";
			sourceTree = "<group>";
		};
		C9D0E9F82B5C3D2E00518DA8 /* Core */ = {
			isa = PBXGroup;
			children = (
				C9D0E9F92B5C3D2E00518DA8 /* Home */,
			);
			path = Core;
			sourceTree = "<group>";
		};
		C9D0E9F92B5C3D2E00518DA8 /* Home */ = {
			isa = PBXGroup;
			children = (
				C9D0E9FA2B5C3D2E00518DA8 /* MainViewPage */,
			);
			path = Home;
			sourceTree = "<group>";
		};
		C9D0E9FA2B5C3D2E00518DA8 /* MainViewPage */ = {
			isa = PBXGroup;
			children = (
				C9D0EA932B5C42F200518DA8 /* MapView.swift */,
				C9D0E9FB2B5C3D2E00518DA8 /* HomeView2.swift */,
				C9D0E9FC2B5C3D2E00518DA8 /* BottomBarView.swift */,
			);
			path = MainViewPage;
			sourceTree = "<group>";
		};
		C9D0EA022B5C3D2E00518DA8 /* App */ = {
			isa = PBXGroup;
			children = (
				C9D0EA032B5C3D2E00518DA8 /* StudyTestApp.swift */,
			);
			path = App;
			sourceTree = "<group>";
		};
		C9D0EA042B5C3D2E00518DA8 /* LoginPage */ = {
			isa = PBXGroup;
			children = (
				C9D0EA052B5C3D2E00518DA8 /* LoginCore */,
				C9D0EA102B5C3D2E00518DA8 /* Components */,
			);
			path = LoginPage;
			sourceTree = "<group>";
		};
		C9D0EA052B5C3D2E00518DA8 /* LoginCore */ = {
			isa = PBXGroup;
			children = (
				C9D0EA062B5C3D2E00518DA8 /* Profile */,
				C9D0EA082B5C3D2E00518DA8 /* Authentication */,
			);
			path = LoginCore;
			sourceTree = "<group>";
		};
		C9D0EA062B5C3D2E00518DA8 /* Profile */ = {
			isa = PBXGroup;
			children = (
				C9D0EA072B5C3D2E00518DA8 /* ProfileView.swift */,
			);
			path = Profile;
			sourceTree = "<group>";
		};
		C9D0EA082B5C3D2E00518DA8 /* Authentication */ = {
			isa = PBXGroup;
			children = (
				C9D0EA092B5C3D2E00518DA8 /* ViewModel */,
				C9D0EA0B2B5C3D2E00518DA8 /* Model */,
				C9D0EA0D2B5C3D2E00518DA8 /* View */,
			);
			path = Authentication;
			sourceTree = "<group>";
		};
		C9D0EA092B5C3D2E00518DA8 /* ViewModel */ = {
			isa = PBXGroup;
			children = (
				C9D0EA0A2B5C3D2E00518DA8 /* AuthViewModel.swift */,
			);
			path = ViewModel;
			sourceTree = "<group>";
		};
		C9D0EA0B2B5C3D2E00518DA8 /* Model */ = {
			isa = PBXGroup;
			children = (
				C9D0EA0C2B5C3D2E00518DA8 /* User.swift */,
			);
			path = Model;
			sourceTree = "<group>";
		};
		C9D0EA0D2B5C3D2E00518DA8 /* View */ = {
			isa = PBXGroup;
			children = (
				C9D0EA0E2B5C3D2E00518DA8 /* RegistrationView.swift */,
				C9D0EA0F2B5C3D2E00518DA8 /* LoginView.swift */,
			);
			path = View;
			sourceTree = "<group>";
		};
		C9D0EA102B5C3D2E00518DA8 /* Components */ = {
			isa = PBXGroup;
			children = (
				C9D0EA112B5C3D2E00518DA8 /* SettingsRowView.swift */,
				C9D0EA122B5C3D2E00518DA8 /* InputView.swift */,
			);
			path = Components;
			sourceTree = "<group>";
		};
		C9D0EA172B5C3D2E00518DA8 /* Extensions */ = {
			isa = PBXGroup;
			children = (
				C9D0EA182B5C3D2E00518DA8 /* ColorExtension.swift */,
			);
			path = Extensions;
			sourceTree = "<group>";
		};
		C9D0EA192B5C3D2E00518DA8 /* Root */ = {
			isa = PBXGroup;
			children = (
				C9D0EA1A2B5C3D2E00518DA8 /* CurrentView.swift */,
			);
			path = Root;
			sourceTree = "<group>";
		};
		C9D0EA8A2B5C41EC00518DA8 /* Map */ = {
			isa = PBXGroup;
			children = (
				C9D0EA8B2B5C421C00518DA8 /* Core */,
			);
			path = Map;
			sourceTree = "<group>";
		};
		C9D0EA8B2B5C421C00518DA8 /* Core */ = {
			isa = PBXGroup;
			children = (
				C9D0EA8E2B5C427300518DA8 /* Views */,
				C9D0EA8C2B5C422200518DA8 /* Managers */,
			);
			path = Core;
			sourceTree = "<group>";
		};
		C9D0EA8C2B5C422200518DA8 /* Managers */ = {
			isa = PBXGroup;
			children = (
				C9D0EA912B5C42B600518DA8 /* LocationManager.swift */,
			);
			path = Managers;
			sourceTree = "<group>";
		};
		C9D0EA8E2B5C427300518DA8 /* Views */ = {
			isa = PBXGroup;
			children = (
				C9D0EA8F2B5C429E00518DA8 /* StudyMapViewRepresentable.swift */,
			);
			path = Views;
			sourceTree = "<group>";
		};
/* End PBXGroup section */

/* Begin PBXNativeTarget section */
		C9D0E9E42B5C3B4200518DA8 /* BlitzBlitz */ = {
			isa = PBXNativeTarget;
			buildConfigurationList = C9D0E9F32B5C3B4300518DA8 /* Build configuration list for PBXNativeTarget "BlitzBlitz" */;
			buildPhases = (
				C9D0E9E12B5C3B4200518DA8 /* Sources */,
				C9D0E9E22B5C3B4200518DA8 /* Frameworks */,
				C9D0E9E32B5C3B4200518DA8 /* Resources */,
			);
			buildRules = (
			);
			dependencies = (
			);
			name = BlitzBlitz;
			packageProductDependencies = (
				C9D0EA302B5C3E6D00518DA8 /* FirebaseAnalytics */,
				C9D0EA322B5C3E6D00518DA8 /* FirebaseAnalyticsOnDeviceConversion */,
				C9D0EA342B5C3E6D00518DA8 /* FirebaseAnalyticsSwift */,
				C9D0EA362B5C3E6D00518DA8 /* FirebaseAnalyticsWithoutAdIdSupport */,
				C9D0EA382B5C3E6D00518DA8 /* FirebaseAuth */,
				C9D0EA3A2B5C3E6D00518DA8 /* FirebaseAuthCombine-Community */,
				C9D0EA6E2B5C413F00518DA8 /* FirebaseAnalytics */,
				C9D0EA702B5C413F00518DA8 /* FirebaseAnalyticsOnDeviceConversion */,
				C9D0EA722B5C413F00518DA8 /* FirebaseAnalyticsSwift */,
				C9D0EA742B5C413F00518DA8 /* FirebaseAnalyticsWithoutAdIdSupport */,
				C9D0EA762B5C413F00518DA8 /* FirebaseAuth */,
				C9D0EA782B5C413F00518DA8 /* FirebaseAuthCombine-Community */,
				C9D0EA7A2B5C413F00518DA8 /* FirebaseCrashlytics */,
				C9D0EA7C2B5C413F00518DA8 /* FirebaseDatabase */,
				C9D0EA7E2B5C413F00518DA8 /* FirebaseDatabaseSwift */,
				C9D0EA802B5C413F00518DA8 /* FirebaseDynamicLinks */,
				C9D0EA822B5C413F00518DA8 /* FirebaseFirestore */,
				C9D0EA842B5C413F00518DA8 /* FirebaseFirestoreCombine-Community */,
				C9D0EA862B5C413F00518DA8 /* FirebaseFirestoreSwift */,
				C9D0EA882B5C413F00518DA8 /* FirebaseFunctions */,
			);
			productName = BlitzBlitz;
			productReference = C9D0E9E52B5C3B4200518DA8 /* BlitzBlitz.app */;
			productType = "com.apple.product-type.application";
		};
/* End PBXNativeTarget section */

/* Begin PBXProject section */
		C9D0E9DD2B5C3B4200518DA8 /* Project object */ = {
			isa = PBXProject;
			attributes = {
				BuildIndependentTargetsInParallel = 1;
				LastSwiftUpdateCheck = 1520;
				LastUpgradeCheck = 1520;
				TargetAttributes = {
					C9D0E9E42B5C3B4200518DA8 = {
						CreatedOnToolsVersion = 15.2;
					};
				};
			};
			buildConfigurationList = C9D0E9E02B5C3B4200518DA8 /* Build configuration list for PBXProject "BlitzBlitz" */;
			compatibilityVersion = "Xcode 14.0";
			developmentRegion = en;
			hasScannedForEncodings = 0;
			knownRegions = (
				en,
				Base,
			);
			mainGroup = C9D0E9DC2B5C3B4200518DA8;
			packageReferences = (
				C9D0EA2F2B5C3E6D00518DA8 /* XCRemoteSwiftPackageReference "firebase-ios-sdk" */,
			);
			productRefGroup = C9D0E9E62B5C3B4200518DA8 /* Products */;
			projectDirPath = "";
			projectRoot = "";
			targets = (
				C9D0E9E42B5C3B4200518DA8 /* BlitzBlitz */,
			);
		};
/* End PBXProject section */

/* Begin PBXResourcesBuildPhase section */
		C9D0E9E32B5C3B4200518DA8 /* Resources */ = {
			isa = PBXResourcesBuildPhase;
			buildActionMask = 2147483647;
			files = (
				C9D0E9F02B5C3B4300518DA8 /* Preview Assets.xcassets in Resources */,
				C9D0E9ED2B5C3B4300518DA8 /* Assets.xcassets in Resources */,
				C9D0EA1B2B5C3D2E00518DA8 /* GoogleService-Info.plist in Resources */,
			);
			runOnlyForDeploymentPostprocessing = 0;
		};
/* End PBXResourcesBuildPhase section */

/* Begin PBXSourcesBuildPhase section */
		C9D0E9E12B5C3B4200518DA8 /* Sources */ = {
			isa = PBXSourcesBuildPhase;
			buildActionMask = 2147483647;
			files = (
				C9D0EA262B5C3D2E00518DA8 /* RegistrationView.swift in Sources */,
				C9D0EA292B5C3D2E00518DA8 /* InputView.swift in Sources */,
				C9D0EA232B5C3D2E00518DA8 /* ProfileView.swift in Sources */,
				C9D0EA942B5C42F200518DA8 /* MapView.swift in Sources */,
				C9D0EA1C2B5C3D2E00518DA8 /* HomeView2.swift in Sources */,
				C9D0EA902B5C429E00518DA8 /* StudyMapViewRepresentable.swift in Sources */,
				C9D0EA272B5C3D2E00518DA8 /* LoginView.swift in Sources */,
				C9D0EA222B5C3D2E00518DA8 /* StudyTestApp.swift in Sources */,
				C9D0EA2D2B5C3D2E00518DA8 /* ColorExtension.swift in Sources */,
				C9D0EA2E2B5C3D2E00518DA8 /* CurrentView.swift in Sources */,
				C9D0EA1D2B5C3D2E00518DA8 /* BottomBarView.swift in Sources */,
				C9D0EA922B5C42B600518DA8 /* LocationManager.swift in Sources */,
				C9D0EA282B5C3D2E00518DA8 /* SettingsRowView.swift in Sources */,
				C9D0EA252B5C3D2E00518DA8 /* User.swift in Sources */,
				C9D0EA242B5C3D2E00518DA8 /* AuthViewModel.swift in Sources */,
			);
			runOnlyForDeploymentPostprocessing = 0;
		};
/* End PBXSourcesBuildPhase section */

/* Begin XCBuildConfiguration section */
		C9D0E9F12B5C3B4300518DA8 /* Debug */ = {
			isa = XCBuildConfiguration;
			buildSettings = {
				ALWAYS_SEARCH_USER_PATHS = NO;
				ASSETCATALOG_COMPILER_GENERATE_SWIFT_ASSET_SYMBOL_EXTENSIONS = YES;
				CLANG_ANALYZER_NONNULL = YES;
				CLANG_ANALYZER_NUMBER_OBJECT_CONVERSION = YES_AGGRESSIVE;
				CLANG_CXX_LANGUAGE_STANDARD = "gnu++20";
				CLANG_ENABLE_MODULES = YES;
				CLANG_ENABLE_OBJC_ARC = YES;
				CLANG_ENABLE_OBJC_WEAK = YES;
				CLANG_WARN_BLOCK_CAPTURE_AUTORELEASING = YES;
				CLANG_WARN_BOOL_CONVERSION = YES;
				CLANG_WARN_COMMA = YES;
				CLANG_WARN_CONSTANT_CONVERSION = YES;
				CLANG_WARN_DEPRECATED_OBJC_IMPLEMENTATIONS = YES;
				CLANG_WARN_DIRECT_OBJC_ISA_USAGE = YES_ERROR;
				CLANG_WARN_DOCUMENTATION_COMMENTS = YES;
				CLANG_WARN_EMPTY_BODY = YES;
				CLANG_WARN_ENUM_CONVERSION = YES;
				CLANG_WARN_INFINITE_RECURSION = YES;
				CLANG_WARN_INT_CONVERSION = YES;
				CLANG_WARN_NON_LITERAL_NULL_CONVERSION = YES;
				CLANG_WARN_OBJC_IMPLICIT_RETAIN_SELF = YES;
				CLANG_WARN_OBJC_LITERAL_CONVERSION = YES;
				CLANG_WARN_OBJC_ROOT_CLASS = YES_ERROR;
				CLANG_WARN_QUOTED_INCLUDE_IN_FRAMEWORK_HEADER = YES;
				CLANG_WARN_RANGE_LOOP_ANALYSIS = YES;
				CLANG_WARN_STRICT_PROTOTYPES = YES;
				CLANG_WARN_SUSPICIOUS_MOVE = YES;
				CLANG_WARN_UNGUARDED_AVAILABILITY = YES_AGGRESSIVE;
				CLANG_WARN_UNREACHABLE_CODE = YES;
				CLANG_WARN__DUPLICATE_METHOD_MATCH = YES;
				COPY_PHASE_STRIP = NO;
				DEBUG_INFORMATION_FORMAT = dwarf;
				ENABLE_STRICT_OBJC_MSGSEND = YES;
				ENABLE_TESTABILITY = YES;
				ENABLE_USER_SCRIPT_SANDBOXING = YES;
				GCC_C_LANGUAGE_STANDARD = gnu17;
				GCC_DYNAMIC_NO_PIC = NO;
				GCC_NO_COMMON_BLOCKS = YES;
				GCC_OPTIMIZATION_LEVEL = 0;
				GCC_PREPROCESSOR_DEFINITIONS = (
					"DEBUG=1",
					"$(inherited)",
				);
				GCC_WARN_64_TO_32_BIT_CONVERSION = YES;
				GCC_WARN_ABOUT_RETURN_TYPE = YES_ERROR;
				GCC_WARN_UNDECLARED_SELECTOR = YES;
				GCC_WARN_UNINITIALIZED_AUTOS = YES_AGGRESSIVE;
				GCC_WARN_UNUSED_FUNCTION = YES;
				GCC_WARN_UNUSED_VARIABLE = YES;
				IPHONEOS_DEPLOYMENT_TARGET = 17.2;
				LOCALIZATION_PREFERS_STRING_CATALOGS = YES;
				MTL_ENABLE_DEBUG_INFO = INCLUDE_SOURCE;
				MTL_FAST_MATH = YES;
				ONLY_ACTIVE_ARCH = YES;
				SDKROOT = iphoneos;
				SWIFT_ACTIVE_COMPILATION_CONDITIONS = "DEBUG $(inherited)";
				SWIFT_OPTIMIZATION_LEVEL = "-Onone";
			};
			name = Debug;
		};
		C9D0E9F22B5C3B4300518DA8 /* Release */ = {
			isa = XCBuildConfiguration;
			buildSettings = {
				ALWAYS_SEARCH_USER_PATHS = NO;
				ASSETCATALOG_COMPILER_GENERATE_SWIFT_ASSET_SYMBOL_EXTENSIONS = YES;
				CLANG_ANALYZER_NONNULL = YES;
				CLANG_ANALYZER_NUMBER_OBJECT_CONVERSION = YES_AGGRESSIVE;
				CLANG_CXX_LANGUAGE_STANDARD = "gnu++20";
				CLANG_ENABLE_MODULES = YES;
				CLANG_ENABLE_OBJC_ARC = YES;
				CLANG_ENABLE_OBJC_WEAK = YES;
				CLANG_WARN_BLOCK_CAPTURE_AUTORELEASING = YES;
				CLANG_WARN_BOOL_CONVERSION = YES;
				CLANG_WARN_COMMA = YES;
				CLANG_WARN_CONSTANT_CONVERSION = YES;
				CLANG_WARN_DEPRECATED_OBJC_IMPLEMENTATIONS = YES;
				CLANG_WARN_DIRECT_OBJC_ISA_USAGE = YES_ERROR;
				CLANG_WARN_DOCUMENTATION_COMMENTS = YES;
				CLANG_WARN_EMPTY_BODY = YES;
				CLANG_WARN_ENUM_CONVERSION = YES;
				CLANG_WARN_INFINITE_RECURSION = YES;
				CLANG_WARN_INT_CONVERSION = YES;
				CLANG_WARN_NON_LITERAL_NULL_CONVERSION = YES;
				CLANG_WARN_OBJC_IMPLICIT_RETAIN_SELF = YES;
				CLANG_WARN_OBJC_LITERAL_CONVERSION = YES;
				CLANG_WARN_OBJC_ROOT_CLASS = YES_ERROR;
				CLANG_WARN_QUOTED_INCLUDE_IN_FRAMEWORK_HEADER = YES;
				CLANG_WARN_RANGE_LOOP_ANALYSIS = YES;
				CLANG_WARN_STRICT_PROTOTYPES = YES;
				CLANG_WARN_SUSPICIOUS_MOVE = YES;
				CLANG_WARN_UNGUARDED_AVAILABILITY = YES_AGGRESSIVE;
				CLANG_WARN_UNREACHABLE_CODE = YES;
				CLANG_WARN__DUPLICATE_METHOD_MATCH = YES;
				COPY_PHASE_STRIP = NO;
				DEBUG_INFORMATION_FORMAT = "dwarf-with-dsym";
				ENABLE_NS_ASSERTIONS = NO;
				ENABLE_STRICT_OBJC_MSGSEND = YES;
				ENABLE_USER_SCRIPT_SANDBOXING = YES;
				GCC_C_LANGUAGE_STANDARD = gnu17;
				GCC_NO_COMMON_BLOCKS = YES;
				GCC_WARN_64_TO_32_BIT_CONVERSION = YES;
				GCC_WARN_ABOUT_RETURN_TYPE = YES_ERROR;
				GCC_WARN_UNDECLARED_SELECTOR = YES;
				GCC_WARN_UNINITIALIZED_AUTOS = YES_AGGRESSIVE;
				GCC_WARN_UNUSED_FUNCTION = YES;
				GCC_WARN_UNUSED_VARIABLE = YES;
				IPHONEOS_DEPLOYMENT_TARGET = 17.2;
				LOCALIZATION_PREFERS_STRING_CATALOGS = YES;
				MTL_ENABLE_DEBUG_INFO = NO;
				MTL_FAST_MATH = YES;
				SDKROOT = iphoneos;
				SWIFT_COMPILATION_MODE = wholemodule;
				VALIDATE_PRODUCT = YES;
			};
			name = Release;
		};
		C9D0E9F42B5C3B4300518DA8 /* Debug */ = {
			isa = XCBuildConfiguration;
			buildSettings = {
				ASSETCATALOG_COMPILER_APPICON_NAME = AppIcon;
				ASSETCATALOG_COMPILER_GLOBAL_ACCENT_COLOR_NAME = AccentColor;
				CODE_SIGN_STYLE = Automatic;
				CURRENT_PROJECT_VERSION = 1;
				DEVELOPMENT_ASSET_PATHS = "\"BlitzBlitz/Preview Content\"";
				DEVELOPMENT_TEAM = 5D3JK2SR7T;
				ENABLE_PREVIEWS = YES;
				GENERATE_INFOPLIST_FILE = YES;
				INFOPLIST_KEY_NSLocationWhenInUseUsageDescription = "Please allow us to acces you location to find nearby Buddies!";
				INFOPLIST_KEY_UIApplicationSceneManifest_Generation = YES;
				INFOPLIST_KEY_UIApplicationSupportsIndirectInputEvents = YES;
				INFOPLIST_KEY_UILaunchScreen_Generation = YES;
				INFOPLIST_KEY_UISupportedInterfaceOrientations_iPad = "UIInterfaceOrientationPortrait UIInterfaceOrientationPortraitUpsideDown UIInterfaceOrientationLandscapeLeft UIInterfaceOrientationLandscapeRight";
				INFOPLIST_KEY_UISupportedInterfaceOrientations_iPhone = "UIInterfaceOrientationPortrait UIInterfaceOrientationLandscapeLeft UIInterfaceOrientationLandscapeRight";
				LD_RUNPATH_SEARCH_PATHS = (
					"$(inherited)",
					"@executable_path/Frameworks",
				);
				MARKETING_VERSION = 1.0;
				PRODUCT_BUNDLE_IDENTIFIER = BlitzBlitz.BlitzBlitz;
				PRODUCT_NAME = "$(TARGET_NAME)";
				SWIFT_EMIT_LOC_STRINGS = YES;
				SWIFT_VERSION = 5.0;
				TARGETED_DEVICE_FAMILY = "1,2";
			};
			name = Debug;
		};
		C9D0E9F52B5C3B4300518DA8 /* Release */ = {
			isa = XCBuildConfiguration;
			buildSettings = {
				ASSETCATALOG_COMPILER_APPICON_NAME = AppIcon;
				ASSETCATALOG_COMPILER_GLOBAL_ACCENT_COLOR_NAME = AccentColor;
				CODE_SIGN_STYLE = Automatic;
				CURRENT_PROJECT_VERSION = 1;
				DEVELOPMENT_ASSET_PATHS = "\"BlitzBlitz/Preview Content\"";
				DEVELOPMENT_TEAM = 5D3JK2SR7T;
				ENABLE_PREVIEWS = YES;
				GENERATE_INFOPLIST_FILE = YES;
				INFOPLIST_KEY_NSLocationWhenInUseUsageDescription = "Please allow us to acces you location to find nearby Buddies!";
				INFOPLIST_KEY_UIApplicationSceneManifest_Generation = YES;
				INFOPLIST_KEY_UIApplicationSupportsIndirectInputEvents = YES;
				INFOPLIST_KEY_UILaunchScreen_Generation = YES;
				INFOPLIST_KEY_UISupportedInterfaceOrientations_iPad = "UIInterfaceOrientationPortrait UIInterfaceOrientationPortraitUpsideDown UIInterfaceOrientationLandscapeLeft UIInterfaceOrientationLandscapeRight";
				INFOPLIST_KEY_UISupportedInterfaceOrientations_iPhone = "UIInterfaceOrientationPortrait UIInterfaceOrientationLandscapeLeft UIInterfaceOrientationLandscapeRight";
				LD_RUNPATH_SEARCH_PATHS = (
					"$(inherited)",
					"@executable_path/Frameworks",
				);
				MARKETING_VERSION = 1.0;
				PRODUCT_BUNDLE_IDENTIFIER = BlitzBlitz.BlitzBlitz;
				PRODUCT_NAME = "$(TARGET_NAME)";
				SWIFT_EMIT_LOC_STRINGS = YES;
				SWIFT_VERSION = 5.0;
				TARGETED_DEVICE_FAMILY = "1,2";
			};
			name = Release;
		};
/* End XCBuildConfiguration section */

/* Begin XCConfigurationList section */
		C9D0E9E02B5C3B4200518DA8 /* Build configuration list for PBXProject "BlitzBlitz" */ = {
			isa = XCConfigurationList;
			buildConfigurations = (
				C9D0E9F12B5C3B4300518DA8 /* Debug */,
				C9D0E9F22B5C3B4300518DA8 /* Release */,
			);
			defaultConfigurationIsVisible = 0;
			defaultConfigurationName = Release;
		};
		C9D0E9F32B5C3B4300518DA8 /* Build configuration list for PBXNativeTarget "BlitzBlitz" */ = {
			isa = XCConfigurationList;
			buildConfigurations = (
				C9D0E9F42B5C3B4300518DA8 /* Debug */,
				C9D0E9F52B5C3B4300518DA8 /* Release */,
			);
			defaultConfigurationIsVisible = 0;
			defaultConfigurationName = Release;
		};
/* End XCConfigurationList section */

/* Begin XCRemoteSwiftPackageReference section */
		C9D0EA2F2B5C3E6D00518DA8 /* XCRemoteSwiftPackageReference "firebase-ios-sdk" */ = {
			isa = XCRemoteSwiftPackageReference;
			repositoryURL = "https://github.com/firebase/firebase-ios-sdk";
			requirement = {
				kind = upToNextMajorVersion;
				minimumVersion = 10.20.0;
			};
		};
/* End XCRemoteSwiftPackageReference section */

/* Begin XCSwiftPackageProductDependency section */
		C9D0EA302B5C3E6D00518DA8 /* FirebaseAnalytics */ = {
			isa = XCSwiftPackageProductDependency;
			package = C9D0EA2F2B5C3E6D00518DA8 /* XCRemoteSwiftPackageReference "firebase-ios-sdk" */;
			productName = FirebaseAnalytics;
		};
		C9D0EA322B5C3E6D00518DA8 /* FirebaseAnalyticsOnDeviceConversion */ = {
			isa = XCSwiftPackageProductDependency;
			package = C9D0EA2F2B5C3E6D00518DA8 /* XCRemoteSwiftPackageReference "firebase-ios-sdk" */;
			productName = FirebaseAnalyticsOnDeviceConversion;
		};
		C9D0EA342B5C3E6D00518DA8 /* FirebaseAnalyticsSwift */ = {
			isa = XCSwiftPackageProductDependency;
			package = C9D0EA2F2B5C3E6D00518DA8 /* XCRemoteSwiftPackageReference "firebase-ios-sdk" */;
			productName = FirebaseAnalyticsSwift;
		};
		C9D0EA362B5C3E6D00518DA8 /* FirebaseAnalyticsWithoutAdIdSupport */ = {
			isa = XCSwiftPackageProductDependency;
			package = C9D0EA2F2B5C3E6D00518DA8 /* XCRemoteSwiftPackageReference "firebase-ios-sdk" */;
			productName = FirebaseAnalyticsWithoutAdIdSupport;
		};
		C9D0EA382B5C3E6D00518DA8 /* FirebaseAuth */ = {
			isa = XCSwiftPackageProductDependency;
			package = C9D0EA2F2B5C3E6D00518DA8 /* XCRemoteSwiftPackageReference "firebase-ios-sdk" */;
			productName = FirebaseAuth;
		};
		C9D0EA3A2B5C3E6D00518DA8 /* FirebaseAuthCombine-Community */ = {
			isa = XCSwiftPackageProductDependency;
			package = C9D0EA2F2B5C3E6D00518DA8 /* XCRemoteSwiftPackageReference "firebase-ios-sdk" */;
			productName = "FirebaseAuthCombine-Community";
		};
		C9D0EA6E2B5C413F00518DA8 /* FirebaseAnalytics */ = {
			isa = XCSwiftPackageProductDependency;
			package = C9D0EA2F2B5C3E6D00518DA8 /* XCRemoteSwiftPackageReference "firebase-ios-sdk" */;
			productName = FirebaseAnalytics;
		};
		C9D0EA702B5C413F00518DA8 /* FirebaseAnalyticsOnDeviceConversion */ = {
			isa = XCSwiftPackageProductDependency;
			package = C9D0EA2F2B5C3E6D00518DA8 /* XCRemoteSwiftPackageReference "firebase-ios-sdk" */;
			productName = FirebaseAnalyticsOnDeviceConversion;
		};
		C9D0EA722B5C413F00518DA8 /* FirebaseAnalyticsSwift */ = {
			isa = XCSwiftPackageProductDependency;
			package = C9D0EA2F2B5C3E6D00518DA8 /* XCRemoteSwiftPackageReference "firebase-ios-sdk" */;
			productName = FirebaseAnalyticsSwift;
		};
		C9D0EA742B5C413F00518DA8 /* FirebaseAnalyticsWithoutAdIdSupport */ = {
			isa = XCSwiftPackageProductDependency;
			package = C9D0EA2F2B5C3E6D00518DA8 /* XCRemoteSwiftPackageReference "firebase-ios-sdk" */;
			productName = FirebaseAnalyticsWithoutAdIdSupport;
		};
		C9D0EA762B5C413F00518DA8 /* FirebaseAuth */ = {
			isa = XCSwiftPackageProductDependency;
			package = C9D0EA2F2B5C3E6D00518DA8 /* XCRemoteSwiftPackageReference "firebase-ios-sdk" */;
			productName = FirebaseAuth;
		};
		C9D0EA782B5C413F00518DA8 /* FirebaseAuthCombine-Community */ = {
			isa = XCSwiftPackageProductDependency;
			package = C9D0EA2F2B5C3E6D00518DA8 /* XCRemoteSwiftPackageReference "firebase-ios-sdk" */;
			productName = "FirebaseAuthCombine-Community";
		};
		C9D0EA7A2B5C413F00518DA8 /* FirebaseCrashlytics */ = {
			isa = XCSwiftPackageProductDependency;
			package = C9D0EA2F2B5C3E6D00518DA8 /* XCRemoteSwiftPackageReference "firebase-ios-sdk" */;
			productName = FirebaseCrashlytics;
		};
		C9D0EA7C2B5C413F00518DA8 /* FirebaseDatabase */ = {
			isa = XCSwiftPackageProductDependency;
			package = C9D0EA2F2B5C3E6D00518DA8 /* XCRemoteSwiftPackageReference "firebase-ios-sdk" */;
			productName = FirebaseDatabase;
		};
		C9D0EA7E2B5C413F00518DA8 /* FirebaseDatabaseSwift */ = {
			isa = XCSwiftPackageProductDependency;
			package = C9D0EA2F2B5C3E6D00518DA8 /* XCRemoteSwiftPackageReference "firebase-ios-sdk" */;
			productName = FirebaseDatabaseSwift;
		};
		C9D0EA802B5C413F00518DA8 /* FirebaseDynamicLinks */ = {
			isa = XCSwiftPackageProductDependency;
			package = C9D0EA2F2B5C3E6D00518DA8 /* XCRemoteSwiftPackageReference "firebase-ios-sdk" */;
			productName = FirebaseDynamicLinks;
		};
		C9D0EA822B5C413F00518DA8 /* FirebaseFirestore */ = {
			isa = XCSwiftPackageProductDependency;
			package = C9D0EA2F2B5C3E6D00518DA8 /* XCRemoteSwiftPackageReference "firebase-ios-sdk" */;
			productName = FirebaseFirestore;
		};
		C9D0EA842B5C413F00518DA8 /* FirebaseFirestoreCombine-Community */ = {
			isa = XCSwiftPackageProductDependency;
			package = C9D0EA2F2B5C3E6D00518DA8 /* XCRemoteSwiftPackageReference "firebase-ios-sdk" */;
			productName = "FirebaseFirestoreCombine-Community";
		};
		C9D0EA862B5C413F00518DA8 /* FirebaseFirestoreSwift */ = {
			isa = XCSwiftPackageProductDependency;
			package = C9D0EA2F2B5C3E6D00518DA8 /* XCRemoteSwiftPackageReference "firebase-ios-sdk" */;
			productName = FirebaseFirestoreSwift;
		};
		C9D0EA882B5C413F00518DA8 /* FirebaseFunctions */ = {
			isa = XCSwiftPackageProductDependency;
			package = C9D0EA2F2B5C3E6D00518DA8 /* XCRemoteSwiftPackageReference "firebase-ios-sdk" */;
			productName = FirebaseFunctions;
		};
/* End XCSwiftPackageProductDependency section */
	};
	rootObject = C9D0E9DD2B5C3B4200518DA8 /* Project object */;
}
